PODS:
  - Flutter (1.0.0)
  - flutter_dynamic_icon_plus (1.0.0):
    - Flutter
    - SwiftTryCatch
  - SwiftTryCatch (0.0.1)

DEPENDENCIES:
  - Flutter (from `Flutter`)
  - flutter_dynamic_icon_plus (from `.symlinks/plugins/flutter_dynamic_icon_plus/ios`)

SPEC REPOS:
  trunk:
    - SwiftTryCatch

EXTERNAL SOURCES:
  Flutter:
    :path: Flutter
  flutter_dynamic_icon_plus:
    :path: ".symlinks/plugins/flutter_dynamic_icon_plus/ios"

SPEC CHECKSUMS:
  Flutter: e0871f40cf51350855a761d2e70bf5af5b9b5de7
  flutter_dynamic_icon_plus: 97d2592f571db88345a05183e080369289ec9c94
  SwiftTryCatch: fb6d2b34abe48efd69578dac919293a44f95b481

PODFILE CHECKSUM: 819463e6a0290f5a72f145ba7cde16e8b6ef0796

COCOAPODS: 1.14.2
